// !$*UTF8*$!
{
	archiveVersion = 1;
	classes = {
	};
	objectVersion = 50;
	objects = {

/* Begin PBXBuildFile section */
		A14CAC72253724EE008FB5F6 /* AppDelegate.swift in Sources */ = {isa = PBXBuildFile; fileRef = A14CAC71253724EE008FB5F6 /* AppDelegate.swift */; };
		A14CAC76253724EE008FB5F6 /* ViewController.swift in Sources */ = {isa = PBXBuildFile; fileRef = A14CAC75253724EE008FB5F6 /* ViewController.swift */; };
		A14CAC79253724EE008FB5F6 /* Main.storyboard in Resources */ = {isa = PBXBuildFile; fileRef = A14CAC77253724EE008FB5F6 /* Main.storyboard */; };
		A14CAC7B253724F7008FB5F6 /* Assets.xcassets in Resources */ = {isa = PBXBuildFile; fileRef = A14CAC7A253724F7008FB5F6 /* Assets.xcassets */; };
		A14CAC7E253724F7008FB5F6 /* LaunchScreen.storyboard in Resources */ = {isa = PBXBuildFile; fileRef = A14CAC7C253724F7008FB5F6 /* LaunchScreen.storyboard */; };
		A14CAC86253731ED008FB5F6 /* StudentModel.swift in Sources */ = {isa = PBXBuildFile; fileRef = A14CAC85253731ED008FB5F6 /* StudentModel.swift */; };
		A14CAC8825373376008FB5F6 /* StudentTableViewController.swift in Sources */ = {isa = PBXBuildFile; fileRef = A14CAC8725373376008FB5F6 /* StudentTableViewController.swift */; };
		A14CAC8A2537464E008FB5F6 /* NewStudentPopoverViewController.swift in Sources */ = {isa = PBXBuildFile; fileRef = A14CAC892537464E008FB5F6 /* NewStudentPopoverViewController.swift */; };
		A14CAC8C25374BF3008FB5F6 /* EditStudentViewController.swift in Sources */ = {isa = PBXBuildFile; fileRef = A14CAC8B25374BF3008FB5F6 /* EditStudentViewController.swift */; };
		A14CAC8E2537556B008FB5F6 /* StudentCell.swift in Sources */ = {isa = PBXBuildFile; fileRef = A14CAC8D2537556B008FB5F6 /* StudentCell.swift */; };
/* End PBXBuildFile section */

/* Begin PBXFileReference section */
		A14CAC6E253724ED008FB5F6 /* SchoolList12.app */ = {isa = PBXFileReference; explicitFileType = wrapper.application; includeInIndex = 0; path = SchoolList12.app; sourceTree = BUILT_PRODUCTS_DIR; };
		A14CAC71253724EE008FB5F6 /* AppDelegate.swift */ = {isa = PBXFileReference; lastKnownFileType = sourcecode.swift; path = AppDelegate.swift; sourceTree = "<group>"; };
		A14CAC75253724EE008FB5F6 /* ViewController.swift */ = {isa = PBXFileReference; lastKnownFileType = sourcecode.swift; path = ViewController.swift; sourceTree = "<group>"; };
		A14CAC78253724EE008FB5F6 /* Base */ = {isa = PBXFileReference; lastKnownFileType = file.storyboard; name = Base; path = Base.lproj/Main.storyboard; sourceTree = "<group>"; };
		A14CAC7A253724F7008FB5F6 /* Assets.xcassets */ = {isa = PBXFileReference; lastKnownFileType = folder.assetcatalog; path = Assets.xcassets; sourceTree = "<group>"; };
		A14CAC7D253724F7008FB5F6 /* Base */ = {isa = PBXFileReference; lastKnownFileType = file.storyboard; name = Base; path = Base.lproj/LaunchScreen.storyboard; sourceTree = "<group>"; };
		A14CAC7F253724F7008FB5F6 /* Info.plist */ = {isa = PBXFileReference; lastKnownFileType = text.plist.xml; path = Info.plist; sourceTree = "<group>"; };
		A14CAC85253731ED008FB5F6 /* StudentModel.swift */ = {isa = PBXFileReference; lastKnownFileType = sourcecode.swift; path = StudentModel.swift; sourceTree = "<group>"; };
		A14CAC8725373376008FB5F6 /* StudentTableViewController.swift */ = {isa = PBXFileReference; lastKnownFileType = sourcecode.swift; path = StudentTableViewController.swift; sourceTree = "<group>"; };
		A14CAC892537464E008FB5F6 /* NewStudentPopoverViewController.swift */ = {isa = PBXFileReference; lastKnownFileType = sourcecode.swift; path = NewStudentPopoverViewController.swift; sourceTree = "<group>"; };
		A14CAC8B25374BF3008FB5F6 /* EditStudentViewController.swift */ = {isa = PBXFileReference; lastKnownFileType = sourcecode.swift; path = EditStudentViewController.swift; sourceTree = "<group>"; };
		A14CAC8D2537556B008FB5F6 /* StudentCell.swift */ = {isa = PBXFileReference; lastKnownFileType = sourcecode.swift; path = StudentCell.swift; sourceTree = "<group>"; };
/* End PBXFileReference section */

/* Begin PBXFrameworksBuildPhase section */
		A14CAC6B253724ED008FB5F6 /* Frameworks */ = {
			isa = PBXFrameworksBuildPhase;
			buildActionMask = 2147483647;
			files = (
			);
			runOnlyForDeploymentPostprocessing = 0;
		};
/* End PBXFrameworksBuildPhase section */

/* Begin PBXGroup section */
		A14CAC65253724ED008FB5F6 = {
			isa = PBXGroup;
			children = (
				A14CAC70253724ED008FB5F6 /* SchoolList12 */,
				A14CAC6F253724ED008FB5F6 /* Products */,
			);
			sourceTree = "<group>";
		};
		A14CAC6F253724ED008FB5F6 /* Products */ = {
			isa = PBXGroup;
			children = (
				A14CAC6E253724ED008FB5F6 /* SchoolList12.app */,
			);
			name = Products;
			sourceTree = "<group>";
		};
		A14CAC70253724ED008FB5F6 /* SchoolList12 */ = {
			isa = PBXGroup;
			children = (
				A14CAC85253731ED008FB5F6 /* StudentModel.swift */,
				A14CAC71253724EE008FB5F6 /* AppDelegate.swift */,
				A14CAC75253724EE008FB5F6 /* ViewController.swift */,
				A14CAC77253724EE008FB5F6 /* Main.storyboard */,
				A14CAC7A253724F7008FB5F6 /* Assets.xcassets */,
				A14CAC7C253724F7008FB5F6 /* LaunchScreen.storyboard */,
				A14CAC7F253724F7008FB5F6 /* Info.plist */,
				A14CAC8725373376008FB5F6 /* StudentTableViewController.swift */,
				A14CAC892537464E008FB5F6 /* NewStudentPopoverViewController.swift */,
				A14CAC8B25374BF3008FB5F6 /* EditStudentViewController.swift */,
				A14CAC8D2537556B008FB5F6 /* StudentCell.swift */,
			);
			path = SchoolList12;
			sourceTree = "<group>";
		};
/* End PBXGroup section */

/* Begin PBXNativeTarget section */
		A14CAC6D253724ED008FB5F6 /* SchoolList12 */ = {
			isa = PBXNativeTarget;
			buildConfigurationList = A14CAC82253724F7008FB5F6 /* Build configuration list for PBXNativeTarget "SchoolList12" */;
			buildPhases = (
				A14CAC6A253724ED008FB5F6 /* Sources */,
				A14CAC6B253724ED008FB5F6 /* Frameworks */,
				A14CAC6C253724ED008FB5F6 /* Resources */,
			);
			buildRules = (
			);
			dependencies = (
			);
			name = SchoolList12;
			productName = SchoolList12;
			productReference = A14CAC6E253724ED008FB5F6 /* SchoolList12.app */;
			productType = "com.apple.product-type.application";
		};
/* End PBXNativeTarget section */

/* Begin PBXProject section */
		A14CAC66253724ED008FB5F6 /* Project object */ = {
			isa = PBXProject;
			attributes = {
				LastSwiftUpdateCheck = 1130;
				LastUpgradeCheck = 1130;
				ORGANIZATIONNAME = "Telecom Nancy";
				TargetAttributes = {
					A14CAC6D253724ED008FB5F6 = {
						CreatedOnToolsVersion = 11.3.1;
					};
				};
			};
			buildConfigurationList = A14CAC69253724ED008FB5F6 /* Build configuration list for PBXProject "SchoolList12" */;
			compatibilityVersion = "Xcode 9.3";
			developmentRegion = en;
			hasScannedForEncodings = 0;
			knownRegions = (
				en,
				Base,
			);
			mainGroup = A14CAC65253724ED008FB5F6;
			productRefGroup = A14CAC6F253724ED008FB5F6 /* Products */;
			projectDirPath = "";
			projectRoot = "";
			targets = (
				A14CAC6D253724ED008FB5F6 /* SchoolList12 */,
			);
		};
/* End PBXProject section */

/* Begin PBXResourcesBuildPhase section */
		A14CAC6C253724ED008FB5F6 /* Resources */ = {
			isa = PBXResourcesBuildPhase;
			buildActionMask = 2147483647;
			files = (
				A14CAC7E253724F7008FB5F6 /* LaunchScreen.storyboard in Resources */,
				A14CAC7B253724F7008FB5F6 /* Assets.xcassets in Resources */,
				A14CAC79253724EE008FB5F6 /* Main.storyboard in Resources */,
			);
			runOnlyForDeploymentPostprocessing = 0;
		};
/* End PBXResourcesBuildPhase section */

/* Begin PBXSourcesBuildPhase section */
		A14CAC6A253724ED008FB5F6 /* Sources */ = {
			isa = PBXSourcesBuildPhase;
			buildActionMask = 2147483647;
			files = (
				A14CAC8C25374BF3008FB5F6 /* EditStudentViewController.swift in Sources */,
				A14CAC76253724EE008FB5F6 /* ViewController.swift in Sources */,
				A14CAC8A2537464E008FB5F6 /* NewStudentPopoverViewController.swift in Sources */,
				A14CAC86253731ED008FB5F6 /* StudentModel.swift in Sources */,
				A14CAC8825373376008FB5F6 /* StudentTableViewController.swift in Sources */,
				A14CAC72253724EE008FB5F6 /* AppDelegate.swift in Sources */,
				A14CAC8E2537556B008FB5F6 /* StudentCell.swift in Sources */,
			);
			runOnlyForDeploymentPostprocessing = 0;
		};
/* End PBXSourcesBuildPhase section */

/* Begin PBXVariantGroup section */
		A14CAC77253724EE008FB5F6 /* Main.storyboard */ = {
			isa = PBXVariantGroup;
			children = (
				A14CAC78253724EE008FB5F6 /* Base */,
			);
			name = Main.storyboard;
			sourceTree = "<group>";
		};
		A14CAC7C253724F7008FB5F6 /* LaunchScreen.storyboard */ = {
			isa = PBXVariantGroup;
			children = (
				A14CAC7D253724F7008FB5F6 /* Base */,
			);
			name = LaunchScreen.storyboard;
			sourceTree = "<group>";
		};
/* End PBXVariantGroup section */

/* Begin XCBuildConfiguration section */
		A14CAC80253724F7008FB5F6 /* Debug */ = {
			isa = XCBuildConfiguration;
			buildSettings = {
				ALWAYS_SEARCH_USER_PATHS = NO;
				CLANG_ANALYZER_NONNULL = YES;
				CLANG_ANALYZER_NUMBER_OBJECT_CONVERSION = YES_AGGRESSIVE;
				CLANG_CXX_LANGUAGE_STANDARD = "gnu++14";
				CLANG_CXX_LIBRARY = "libc++";
				CLANG_ENABLE_MODULES = YES;
				CLANG_ENABLE_OBJC_ARC = YES;
				CLANG_ENABLE_OBJC_WEAK = YES;
				CLANG_WARN_BLOCK_CAPTURE_AUTORELEASING = YES;
				CLANG_WARN_BOOL_CONVERSION = YES;
				CLANG_WARN_COMMA = YES;
				CLANG_WARN_CONSTANT_CONVERSION = YES;
				CLANG_WARN_DEPRECATED_OBJC_IMPLEMENTATIONS = YES;
				CLANG_WARN_DIRECT_OBJC_ISA_USAGE = YES_ERROR;
				CLANG_WARN_DOCUMENTATION_COMMENTS = YES;
				CLANG_WARN_EMPTY_BODY = YES;
				CLANG_WARN_ENUM_CONVERSION = YES;
				CLANG_WARN_INFINITE_RECURSION = YES;
				CLANG_WARN_INT_CONVERSION = YES;
				CLANG_WARN_NON_LITERAL_NULL_CONVERSION = YES;
				CLANG_WARN_OBJC_IMPLICIT_RETAIN_SELF = YES;
				CLANG_WARN_OBJC_LITERAL_CONVERSION = YES;
				CLANG_WARN_OBJC_ROOT_CLASS = YES_ERROR;
				CLANG_WARN_RANGE_LOOP_ANALYSIS = YES;
				CLANG_WARN_STRICT_PROTOTYPES = YES;
				CLANG_WARN_SUSPICIOUS_MOVE = YES;
				CLANG_WARN_UNGUARDED_AVAILABILITY = YES_AGGRESSIVE;
				CLANG_WARN_UNREACHABLE_CODE = YES;
				CLANG_WARN__DUPLICATE_METHOD_MATCH = YES;
				COPY_PHASE_STRIP = NO;
				DEBUG_INFORMATION_FORMAT = dwarf;
				ENABLE_STRICT_OBJC_MSGSEND = YES;
				ENABLE_TESTABILITY = YES;
				GCC_C_LANGUAGE_STANDARD = gnu11;
				GCC_DYNAMIC_NO_PIC = NO;
				GCC_NO_COMMON_BLOCKS = YES;
				GCC_OPTIMIZATION_LEVEL = 0;
				GCC_PREPROCESSOR_DEFINITIONS = (
					"DEBUG=1",
					"$(inherited)",
				);
				GCC_WARN_64_TO_32_BIT_CONVERSION = YES;
				GCC_WARN_ABOUT_RETURN_TYPE = YES_ERROR;
				GCC_WARN_UNDECLARED_SELECTOR = YES;
				GCC_WARN_UNINITIALIZED_AUTOS = YES_AGGRESSIVE;
				GCC_WARN_UNUSED_FUNCTION = YES;
				GCC_WARN_UNUSED_VARIABLE = YES;
				IPHONEOS_DEPLOYMENT_TARGET = 13.2;
				MTL_ENABLE_DEBUG_INFO = INCLUDE_SOURCE;
				MTL_FAST_MATH = YES;
				ONLY_ACTIVE_ARCH = YES;
				SDKROOT = iphoneos;
				SWIFT_ACTIVE_COMPILATION_CONDITIONS = DEBUG;
				SWIFT_OPTIMIZATION_LEVEL = "-Onone";
			};
			name = Debug;
		};
		A14CAC81253724F7008FB5F6 /* Release */ = {
			isa = XCBuildConfiguration;
			buildSettings = {
				ALWAYS_SEARCH_USER_PATHS = NO;
				CLANG_ANALYZER_NONNULL = YES;
				CLANG_ANALYZER_NUMBER_OBJECT_CONVERSION = YES_AGGRESSIVE;
				CLANG_CXX_LANGUAGE_STANDARD = "gnu++14";
				CLANG_CXX_LIBRARY = "libc++";
				CLANG_ENABLE_MODULES = YES;
				CLANG_ENABLE_OBJC_ARC = YES;
				CLANG_ENABLE_OBJC_WEAK = YES;
				CLANG_WARN_BLOCK_CAPTURE_AUTORELEASING = YES;
				CLANG_WARN_BOOL_CONVERSION = YES;
				CLANG_WARN_COMMA = YES;
				CLANG_WARN_CONSTANT_CONVERSION = YES;
				CLANG_WARN_DEPRECATED_OBJC_IMPLEMENTATIONS = YES;
				CLANG_WARN_DIRECT_OBJC_ISA_USAGE = YES_ERROR;
				CLANG_WARN_DOCUMENTATION_COMMENTS = YES;
				CLANG_WARN_EMPTY_BODY = YES;
				CLANG_WARN_ENUM_CONVERSION = YES;
				CLANG_WARN_INFINITE_RECURSION = YES;
				CLANG_WARN_INT_CONVERSION = YES;
				CLANG_WARN_NON_LITERAL_NULL_CONVERSION = YES;
				CLANG_WARN_OBJC_IMPLICIT_RETAIN_SELF = YES;
				CLANG_WARN_OBJC_LITERAL_CONVERSION = YES;
				CLANG_WARN_OBJC_ROOT_CLASS = YES_ERROR;
				CLANG_WARN_RANGE_LOOP_ANALYSIS = YES;
				CLANG_WARN_STRICT_PROTOTYPES = YES;
				CLANG_WARN_SUSPICIOUS_MOVE = YES;
				CLANG_WARN_UNGUARDED_AVAILABILITY = YES_AGGRESSIVE;
				CLANG_WARN_UNREACHABLE_CODE = YES;
				CLANG_WARN__DUPLICATE_METHOD_MATCH = YES;
				COPY_PHASE_STRIP = NO;
				DEBUG_INFORMATION_FORMAT = "dwarf-with-dsym";
				ENABLE_NS_ASSERTIONS = NO;
				ENABLE_STRICT_OBJC_MSGSEND = YES;
				GCC_C_LANGUAGE_STANDARD = gnu11;
				GCC_NO_COMMON_BLOCKS = YES;
				GCC_WARN_64_TO_32_BIT_CONVERSION = YES;
				GCC_WARN_ABOUT_RETURN_TYPE = YES_ERROR;
				GCC_WARN_UNDECLARED_SELECTOR = YES;
				GCC_WARN_UNINITIALIZED_AUTOS = YES_AGGRESSIVE;
				GCC_WARN_UNUSED_FUNCTION = YES;
				GCC_WARN_UNUSED_VARIABLE = YES;
				IPHONEOS_DEPLOYMENT_TARGET = 13.2;
				MTL_ENABLE_DEBUG_INFO = NO;
				MTL_FAST_MATH = YES;
				SDKROOT = iphoneos;
				SWIFT_COMPILATION_MODE = wholemodule;
				SWIFT_OPTIMIZATION_LEVEL = "-O";
				VALIDATE_PRODUCT = YES;
			};
			name = Release;
		};
		A14CAC83253724F7008FB5F6 /* Debug */ = {
			isa = XCBuildConfiguration;
			buildSettings = {
				ASSETCATALOG_COMPILER_APPICON_NAME = AppIcon;
				CODE_SIGN_STYLE = Automatic;
				DEVELOPMENT_TEAM = 5DP9926KM9;
				INFOPLIST_FILE = SchoolList12/Info.plist;
				IPHONEOS_DEPLOYMENT_TARGET = 12.2;
				LD_RUNPATH_SEARCH_PATHS = (
					"$(inherited)",
					"@executable_path/Frameworks",
				);
				PRODUCT_BUNDLE_IDENTIFIER = eu.telecomnancy.SchoolList12;
				PRODUCT_NAME = "$(TARGET_NAME)";
				SWIFT_VERSION = 5.0;
				TARGETED_DEVICE_FAMILY = "1,2";
			};
			name = Debug;
		};
		A14CAC84253724F7008FB5F6 /* Release */ = {
			isa = XCBuildConfiguration;
			buildSettings = {
				ASSETCATALOG_COMPILER_APPICON_NAME = AppIcon;
				CODE_SIGN_STYLE = Automatic;
				DEVELOPMENT_TEAM = 5DP9926KM9;
				INFOPLIST_FILE = SchoolList12/Info.plist;
				IPHONEOS_DEPLOYMENT_TARGET = 12.2;
				LD_RUNPATH_SEARCH_PATHS = (
					"$(inherited)",
					"@executable_path/Frameworks",
				);
				PRODUCT_BUNDLE_IDENTIFIER = eu.telecomnancy.SchoolList12;
				PRODUCT_NAME = "$(TARGET_NAME)";
				SWIFT_VERSION = 5.0;
				TARGETED_DEVICE_FAMILY = "1,2";
			};
			name = Release;
		};
/* End XCBuildConfiguration section */

/* Begin XCConfigurationList section */
		A14CAC69253724ED008FB5F6 /* Build configuration list for PBXProject "SchoolList12" */ = {
			isa = XCConfigurationList;
			buildConfigurations = (
				A14CAC80253724F7008FB5F6 /* Debug */,
				A14CAC81253724F7008FB5F6 /* Release */,
			);
			defaultConfigurationIsVisible = 0;
			defaultConfigurationName = Release;
		};
		A14CAC82253724F7008FB5F6 /* Build configuration list for PBXNativeTarget "SchoolList12" */ = {
			isa = XCConfigurationList;
			buildConfigurations = (
				A14CAC83253724F7008FB5F6 /* Debug */,
				A14CAC84253724F7008FB5F6 /* Release */,
			);
			defaultConfigurationIsVisible = 0;
			defaultConfigurationName = Release;
		};
/* End XCConfigurationList section */
	};
	rootObject = A14CAC66253724ED008FB5F6 /* Project object */;
}
